// !$*UTF8*$!
{
	archiveVersion = 1;
	classes = {
	};
	objectVersion = 46;
	objects = {

/* Begin PBXBuildFile section */
		370921B116FC3CE500D90F47 /* UIKit.framework in Frameworks */ = {isa = PBXBuildFile; fileRef = 370921B016FC3CE500D90F47 /* UIKit.framework */; };
		370921B316FC3CE500D90F47 /* Foundation.framework in Frameworks */ = {isa = PBXBuildFile; fileRef = 370921B216FC3CE500D90F47 /* Foundation.framework */; };
		370921B516FC3CE500D90F47 /* CoreGraphics.framework in Frameworks */ = {isa = PBXBuildFile; fileRef = 370921B416FC3CE500D90F47 /* CoreGraphics.framework */; };
		370921BB16FC3CE500D90F47 /* InfoPlist.strings in Resources */ = {isa = PBXBuildFile; fileRef = 370921B916FC3CE500D90F47 /* InfoPlist.strings */; };
		370921BD16FC3CE500D90F47 /* main.m in Sources */ = {isa = PBXBuildFile; fileRef = 370921BC16FC3CE500D90F47 /* main.m */; };
		370921C116FC3CE500D90F47 /* AppDelegate.m in Sources */ = {isa = PBXBuildFile; fileRef = 370921C016FC3CE500D90F47 /* AppDelegate.m */; };
		370921C316FC3CE500D90F47 /* Default.png in Resources */ = {isa = PBXBuildFile; fileRef = 370921C216FC3CE500D90F47 /* Default.png */; };
		370921C516FC3CE500D90F47 /* Default@2x.png in Resources */ = {isa = PBXBuildFile; fileRef = 370921C416FC3CE500D90F47 /* Default@2x.png */; };
		370921C716FC3CE500D90F47 /* Default-568h@2x.png in Resources */ = {isa = PBXBuildFile; fileRef = 370921C616FC3CE500D90F47 /* Default-568h@2x.png */; };
		370921CA16FC3CE500D90F47 /* MainStoryboard.storyboard in Resources */ = {isa = PBXBuildFile; fileRef = 370921C816FC3CE500D90F47 /* MainStoryboard.storyboard */; };
		370921CD16FC3CE500D90F47 /* ViewController.m in Sources */ = {isa = PBXBuildFile; fileRef = 370921CC16FC3CE500D90F47 /* ViewController.m */; };
/* End PBXBuildFile section */

/* Begin PBXFileReference section */
		370921AD16FC3CE500D90F47 /* ScrollViewMaps.app */ = {isa = PBXFileReference; explicitFileType = wrapper.application; includeInIndex = 0; path = ScrollViewMaps.app; sourceTree = BUILT_PRODUCTS_DIR; };
		370921B016FC3CE500D90F47 /* UIKit.framework */ = {isa = PBXFileReference; lastKnownFileType = wrapper.framework; name = UIKit.framework; path = System/Library/Frameworks/UIKit.framework; sourceTree = SDKROOT; };
		370921B216FC3CE500D90F47 /* Foundation.framework */ = {isa = PBXFileReference; lastKnownFileType = wrapper.framework; name = Foundation.framework; path = System/Library/Frameworks/Foundation.framework; sourceTree = SDKROOT; };
		370921B416FC3CE500D90F47 /* CoreGraphics.framework */ = {isa = PBXFileReference; lastKnownFileType = wrapper.framework; name = CoreGraphics.framework; path = System/Library/Frameworks/CoreGraphics.framework; sourceTree = SDKROOT; };
		370921B816FC3CE500D90F47 /* ScrollViewMaps-Info.plist */ = {isa = PBXFileReference; lastKnownFileType = text.plist.xml; path = "ScrollViewMaps-Info.plist"; sourceTree = "<group>"; };
		370921BA16FC3CE500D90F47 /* en */ = {isa = PBXFileReference; lastKnownFileType = text.plist.strings; name = en; path = en.lproj/InfoPlist.strings; sourceTree = "<group>"; };
		370921BC16FC3CE500D90F47 /* main.m */ = {isa = PBXFileReference; lastKnownFileType = sourcecode.c.objc; path = main.m; sourceTree = "<group>"; };
		370921BE16FC3CE500D90F47 /* ScrollViewMaps-Prefix.pch */ = {isa = PBXFileReference; lastKnownFileType = sourcecode.c.h; path = "ScrollViewMaps-Prefix.pch"; sourceTree = "<group>"; };
		370921BF16FC3CE500D90F47 /* AppDelegate.h */ = {isa = PBXFileReference; lastKnownFileType = sourcecode.c.h; path = AppDelegate.h; sourceTree = "<group>"; };
		370921C016FC3CE500D90F47 /* AppDelegate.m */ = {isa = PBXFileReference; lastKnownFileType = sourcecode.c.objc; path = AppDelegate.m; sourceTree = "<group>"; };
		370921C216FC3CE500D90F47 /* Default.png */ = {isa = PBXFileReference; lastKnownFileType = image.png; path = Default.png; sourceTree = "<group>"; };
		370921C416FC3CE500D90F47 /* Default@2x.png */ = {isa = PBXFileReference; lastKnownFileType = image.png; path = "Default@2x.png"; sourceTree = "<group>"; };
		370921C616FC3CE500D90F47 /* Default-568h@2x.png */ = {isa = PBXFileReference; lastKnownFileType = image.png; path = "Default-568h@2x.png"; sourceTree = "<group>"; };
		370921C916FC3CE500D90F47 /* en */ = {isa = PBXFileReference; lastKnownFileType = file.storyboard; name = en; path = en.lproj/MainStoryboard.storyboard; sourceTree = "<group>"; };
		370921CB16FC3CE500D90F47 /* ViewController.h */ = {isa = PBXFileReference; lastKnownFileType = sourcecode.c.h; path = ViewController.h; sourceTree = "<group>"; };
		370921CC16FC3CE500D90F47 /* ViewController.m */ = {isa = PBXFileReference; lastKnownFileType = sourcecode.c.objc; path = ViewController.m; sourceTree = "<group>"; };
/* End PBXFileReference section */

/* Begin PBXFrameworksBuildPhase section */
		370921AA16FC3CE500D90F47 /* Frameworks */ = {
			isa = PBXFrameworksBuildPhase;
			buildActionMask = 2147483647;
			files = (
				370921B116FC3CE500D90F47 /* UIKit.framework in Frameworks */,
				370921B316FC3CE500D90F47 /* Foundation.framework in Frameworks */,
				370921B516FC3CE500D90F47 /* CoreGraphics.framework in Frameworks */,
			);
			runOnlyForDeploymentPostprocessing = 0;
		};
/* End PBXFrameworksBuildPhase section */

/* Begin PBXGroup section */
		370921A416FC3CE500D90F47 = {
			isa = PBXGroup;
			children = (
				370921B616FC3CE500D90F47 /* ScrollViewMaps */,
				370921AF16FC3CE500D90F47 /* Frameworks */,
				370921AE16FC3CE500D90F47 /* Products */,
			);
			sourceTree = "<group>";
		};
		370921AE16FC3CE500D90F47 /* Products */ = {
			isa = PBXGroup;
			children = (
				370921AD16FC3CE500D90F47 /* ScrollViewMaps.app */,
			);
			name = Products;
			sourceTree = "<group>";
		};
		370921AF16FC3CE500D90F47 /* Frameworks */ = {
			isa = PBXGroup;
			children = (
				370921B016FC3CE500D90F47 /* UIKit.framework */,
				370921B216FC3CE500D90F47 /* Foundation.framework */,
				370921B416FC3CE500D90F47 /* CoreGraphics.framework */,
			);
			name = Frameworks;
			sourceTree = "<group>";
		};
		370921B616FC3CE500D90F47 /* ScrollViewMaps */ = {
			isa = PBXGroup;
			children = (
				370921BF16FC3CE500D90F47 /* AppDelegate.h */,
				370921C016FC3CE500D90F47 /* AppDelegate.m */,
				370921C816FC3CE500D90F47 /* MainStoryboard.storyboard */,
				370921CB16FC3CE500D90F47 /* ViewController.h */,
				370921CC16FC3CE500D90F47 /* ViewController.m */,
				370921B716FC3CE500D90F47 /* Supporting Files */,
			);
			path = ScrollViewMaps;
			sourceTree = "<group>";
		};
		370921B716FC3CE500D90F47 /* Supporting Files */ = {
			isa = PBXGroup;
			children = (
				370921B816FC3CE500D90F47 /* ScrollViewMaps-Info.plist */,
				370921B916FC3CE500D90F47 /* InfoPlist.strings */,
				370921BC16FC3CE500D90F47 /* main.m */,
				370921BE16FC3CE500D90F47 /* ScrollViewMaps-Prefix.pch */,
				370921C216FC3CE500D90F47 /* Default.png */,
				370921C416FC3CE500D90F47 /* Default@2x.png */,
				370921C616FC3CE500D90F47 /* Default-568h@2x.png */,
			);
			name = "Supporting Files";
			sourceTree = "<group>";
		};
/* End PBXGroup section */

/* Begin PBXNativeTarget section */
		370921AC16FC3CE500D90F47 /* ScrollViewMaps */ = {
			isa = PBXNativeTarget;
			buildConfigurationList = 370921D016FC3CE500D90F47 /* Build configuration list for PBXNativeTarget "ScrollViewMaps" */;
			buildPhases = (
				370921A916FC3CE500D90F47 /* Sources */,
				370921AA16FC3CE500D90F47 /* Frameworks */,
				370921AB16FC3CE500D90F47 /* Resources */,
			);
			buildRules = (
			);
			dependencies = (
			);
			name = ScrollViewMaps;
			productName = ScrollViewMaps;
			productReference = 370921AD16FC3CE500D90F47 /* ScrollViewMaps.app */;
			productType = "com.apple.product-type.application";
		};
/* End PBXNativeTarget section */

/* Begin PBXProject section */
		370921A516FC3CE500D90F47 /* Project object */ = {
			isa = PBXProject;
			attributes = {
				LastUpgradeCheck = 0460;
				ORGANIZATIONNAME = dabio;
			};
			buildConfigurationList = 370921A816FC3CE500D90F47 /* Build configuration list for PBXProject "ScrollViewMaps" */;
			compatibilityVersion = "Xcode 3.2";
			developmentRegion = English;
			hasScannedForEncodings = 0;
			knownRegions = (
				en,
			);
			mainGroup = 370921A416FC3CE500D90F47;
			productRefGroup = 370921AE16FC3CE500D90F47 /* Products */;
			projectDirPath = "";
			projectRoot = "";
			targets = (
				370921AC16FC3CE500D90F47 /* ScrollViewMaps */,
			);
		};
/* End PBXProject section */

/* Begin PBXResourcesBuildPhase section */
		370921AB16FC3CE500D90F47 /* Resources */ = {
			isa = PBXResourcesBuildPhase;
			buildActionMask = 2147483647;
			files = (
				370921BB16FC3CE500D90F47 /* InfoPlist.strings in Resources */,
				370921C316FC3CE500D90F47 /* Default.png in Resources */,
				370921C516FC3CE500D90F47 /* Default@2x.png in Resources */,
				370921C716FC3CE500D90F47 /* Default-568h@2x.png in Resources */,
				370921CA16FC3CE500D90F47 /* MainStoryboard.storyboard in Resources */,
			);
			runOnlyForDeploymentPostprocessing = 0;
		};
/* End PBXResourcesBuildPhase section */

/* Begin PBXSourcesBuildPhase section */
		370921A916FC3CE500D90F47 /* Sources */ = {
			isa = PBXSourcesBuildPhase;
			buildActionMask = 2147483647;
			files = (
				370921BD16FC3CE500D90F47 /* main.m in Sources */,
				370921C116FC3CE500D90F47 /* AppDelegate.m in Sources */,
				370921CD16FC3CE500D90F47 /* ViewController.m in Sources */,
			);
			runOnlyForDeploymentPostprocessing = 0;
		};
/* End PBXSourcesBuildPhase section */

/* Begin PBXVariantGroup section */
		370921B916FC3CE500D90F47 /* InfoPlist.strings */ = {
			isa = PBXVariantGroup;
			children = (
				370921BA16FC3CE500D90F47 /* en */,
			);
			name = InfoPlist.strings;
			sourceTree = "<group>";
		};
		370921C816FC3CE500D90F47 /* MainStoryboard.storyboard */ = {
			isa = PBXVariantGroup;
			children = (
				370921C916FC3CE500D90F47 /* en */,
			);
			name = MainStoryboard.storyboard;
			sourceTree = "<group>";
		};
/* End PBXVariantGroup section */

/* Begin XCBuildConfiguration section */
		370921CE16FC3CE500D90F47 /* Debug */ = {
			isa = XCBuildConfiguration;
			buildSettings = {
				ALWAYS_SEARCH_USER_PATHS = NO;
				CLANG_CXX_LANGUAGE_STANDARD = "gnu++0x";
				CLANG_CXX_LIBRARY = "libc++";
				CLANG_ENABLE_OBJC_ARC = YES;
				CLANG_WARN_CONSTANT_CONVERSION = YES;
				CLANG_WARN_EMPTY_BODY = YES;
				CLANG_WARN_ENUM_CONVERSION = YES;
				CLANG_WARN_INT_CONVERSION = YES;
				CLANG_WARN__DUPLICATE_METHOD_MATCH = YES;
				"CODE_SIGN_IDENTITY[sdk=iphoneos*]" = "iPhone Developer";
				COPY_PHASE_STRIP = NO;
				GCC_C_LANGUAGE_STANDARD = gnu99;
				GCC_DYNAMIC_NO_PIC = NO;
				GCC_OPTIMIZATION_LEVEL = 0;
				GCC_PREPROCESSOR_DEFINITIONS = (
					"DEBUG=1",
					"$(inherited)",
				);
				GCC_SYMBOLS_PRIVATE_EXTERN = NO;
				GCC_WARN_ABOUT_RETURN_TYPE = YES;
				GCC_WARN_UNINITIALIZED_AUTOS = YES;
				GCC_WARN_UNUSED_VARIABLE = YES;
				IPHONEOS_DEPLOYMENT_TARGET = 6.1;
				ONLY_ACTIVE_ARCH = YES;
				SDKROOT = iphoneos;
			};
			name = Debug;
		};
		370921CF16FC3CE500D90F47 /* Release */ = {
			isa = XCBuildConfiguration;
			buildSettings = {
				ALWAYS_SEARCH_USER_PATHS = NO;
				CLANG_CXX_LANGUAGE_STANDARD = "gnu++0x";
				CLANG_CXX_LIBRARY = "libc++";
				CLANG_ENABLE_OBJC_ARC = YES;
				CLANG_WARN_CONSTANT_CONVERSION = YES;
				CLANG_WARN_EMPTY_BODY = YES;
				CLANG_WARN_ENUM_CONVERSION = YES;
				CLANG_WARN_INT_CONVERSION = YES;
				CLANG_WARN__DUPLICATE_METHOD_MATCH = YES;
				"CODE_SIGN_IDENTITY[sdk=iphoneos*]" = "iPhone Developer";
				COPY_PHASE_STRIP = YES;
				GCC_C_LANGUAGE_STANDARD = gnu99;
				GCC_WARN_ABOUT_RETURN_TYPE = YES;
				GCC_WARN_UNINITIALIZED_AUTOS = YES;
				GCC_WARN_UNUSED_VARIABLE = YES;
				IPHONEOS_DEPLOYMENT_TARGET = 6.1;
				OTHER_CFLAGS = "-DNS_BLOCK_ASSERTIONS=1";
				SDKROOT = iphoneos;
				VALIDATE_PRODUCT = YES;
			};
			name = Release;
		};
		370921D116FC3CE500D90F47 /* Debug */ = {
			isa = XCBuildConfiguration;
			buildSettings = {
				GCC_PRECOMPILE_PREFIX_HEADER = YES;
				GCC_PREFIX_HEADER = "ScrollViewMaps/ScrollViewMaps-Prefix.pch";
				INFOPLIST_FILE = "ScrollViewMaps/ScrollViewMaps-Info.plist";
				PRODUCT_NAME = "$(TARGET_NAME)";
				WRAPPER_EXTENSION = app;
			};
			name = Debug;
		};
		370921D216FC3CE500D90F47 /* Release */ = {
			isa = XCBuildConfiguration;
			buildSettings = {
				GCC_PRECOMPILE_PREFIX_HEADER = YES;
				GCC_PREFIX_HEADER = "ScrollViewMaps/ScrollViewMaps-Prefix.pch";
				INFOPLIST_FILE = "ScrollViewMaps/ScrollViewMaps-Info.plist";
				PRODUCT_NAME = "$(TARGET_NAME)";
				WRAPPER_EXTENSION = app;
			};
			name = Release;
		};
/* End XCBuildConfiguration section */

/* Begin XCConfigurationList section */
		370921A816FC3CE500D90F47 /* Build configuration list for PBXProject "ScrollViewMaps" */ = {
			isa = XCConfigurationList;
			buildConfigurations = (
				370921CE16FC3CE500D90F47 /* Debug */,
				370921CF16FC3CE500D90F47 /* Release */,
			);
			defaultConfigurationIsVisible = 0;
			defaultConfigurationName = Release;
		};
		370921D016FC3CE500D90F47 /* Build configuration list for PBXNativeTarget "ScrollViewMaps" */ = {
			isa = XCConfigurationList;
			buildConfigurations = (
				370921D116FC3CE500D90F47 /* Debug */,
				370921D216FC3CE500D90F47 /* Release */,
			);
			defaultConfigurationIsVisible = 0;
		};
/* End XCConfigurationList section */
	};
	rootObject = 370921A516FC3CE500D90F47 /* Project object */;
}
